github.com/MacSmithNZ/tailwind-starter v0.0.0-20210722001103-ec4b1471d659 h1:BAqreHDmbzS10gkYMYayNO+GDgull6V1VXCO7hv8Qyk=
github.com/MacSmithNZ/tailwind-starter v0.0.0-20210722001103-ec4b1471d659/go.mod h1:s+mL4Zy+ff0CBOMyEtQ04Gtc4M5c35I+yP9x8A8IQcU=
github.com/MacSmithNZ/tailwind-starter v0.0.0-20210722003455-b144cf0b99ab h1:TnABu9gbHZY9GsBLCL4GuK+OTx90ansyDMBjRcbE/c0=
github.com/MacSmithNZ/tailwind-starter v0.0.0-20210722003455-b144cf0b99ab/go.mod h1:s+mL4Zy+ff0CBOMyEtQ04Gtc4M5c35I+yP9x8A8IQcU=
github.com/MacSmithNZ/tailwind-starter v0.0.0-20211213231620-90e8fb578d48 h1:7tS7balA1EN62HyMW2r7xnsYtBfw+NRgI1QX3c+md1Y=
github.com/MacSmithNZ/tailwind-starter v0.0.0-20211213231620-90e8fb578d48/go.mod h1:s+mL4Zy+ff0CBOMyEtQ04Gtc4M5c35I+yP9x8A8IQcU=
github.com/MacSmithNZ/tailwind-starter v0.0.0-20221110032010-cbb8a5dc2247 h1:1LB+5G7LXv7qRxhzzaVS/4UyUv+S+dFdPjfv960RF3o=
github.com/MacSmithNZ/tailwind-starter v0.0.0-20221110032010-cbb8a5dc2247/go.mod h1:s+mL4Zy+ff0CBOMyEtQ04Gtc4M5c35I+yP9x8A8IQcU=
